// !$*UTF8*$!
{
	archiveVersion = 1;
	classes = {
	};
	objectVersion = 51;
	objects = {

/* Begin PBXBuildFile section */
		1F00623025D1799100C240C1 /* StudentProgressCD+CoreDataClass.swift in Sources */ = {isa = PBXBuildFile; fileRef = 1F00622E25D1799100C240C1 /* StudentProgressCD+CoreDataClass.swift */; };
		1F00623125D1799100C240C1 /* StudentProgressCD+CoreDataProperties.swift in Sources */ = {isa = PBXBuildFile; fileRef = 1F00622F25D1799100C240C1 /* StudentProgressCD+CoreDataProperties.swift */; };
		1F08325225C0A12D0043F39F /* PurchaseView.swift in Sources */ = {isa = PBXBuildFile; fileRef = 1F08325125C0A12D0043F39F /* PurchaseView.swift */; };
		1F0AA79325D7F36C00195F92 /* NetworkSpeedTest.swift in Sources */ = {isa = PBXBuildFile; fileRef = 1F0AA79225D7F36C00195F92 /* NetworkSpeedTest.swift */; };
		1F0B69B825C836D400103B17 /* UIView + AnchorPoint.swift in Sources */ = {isa = PBXBuildFile; fileRef = 1F0B69B725C836D400103B17 /* UIView + AnchorPoint.swift */; };
		1F0C100F25B5B4BE0040CCC3 /* DescriptionCell.swift in Sources */ = {isa = PBXBuildFile; fileRef = 1F0C100E25B5B4BE0040CCC3 /* DescriptionCell.swift */; };
		1F0C101125B5C98F0040CCC3 /* UnlockCell.swift in Sources */ = {isa = PBXBuildFile; fileRef = 1F0C101025B5C98F0040CCC3 /* UnlockCell.swift */; };
		1F0C101325B5FCE40040CCC3 /* FilterView.swift in Sources */ = {isa = PBXBuildFile; fileRef = 1F0C101225B5FCE40040CCC3 /* FilterView.swift */; };
		1F0C101525B5FF2C0040CCC3 /* CategoryView.swift in Sources */ = {isa = PBXBuildFile; fileRef = 1F0C101425B5FF2C0040CCC3 /* CategoryView.swift */; };
		1F11590B25A0D2DB00682A69 /* AppDelegate.swift in Sources */ = {isa = PBXBuildFile; fileRef = 1F11590A25A0D2DB00682A69 /* AppDelegate.swift */; };
		1F11590D25A0D2DB00682A69 /* LoginViewController.swift in Sources */ = {isa = PBXBuildFile; fileRef = 1F11590C25A0D2DB00682A69 /* LoginViewController.swift */; };
		1F11590F25A0D2DC00682A69 /* Assets.xcassets in Resources */ = {isa = PBXBuildFile; fileRef = 1F11590E25A0D2DC00682A69 /* Assets.xcassets */; };
		1F11591225A0D2DC00682A69 /* LaunchScreen.storyboard in Resources */ = {isa = PBXBuildFile; fileRef = 1F11591025A0D2DC00682A69 /* LaunchScreen.storyboard */; };
		1F18094225CB077800377C93 /* Architechik.xcdatamodeld in Sources */ = {isa = PBXBuildFile; fileRef = 1F18094025CB077800377C93 /* Architechik.xcdatamodeld */; };
		1F18094525CB091600377C93 /* ArticleCD+CoreDataClass.swift in Sources */ = {isa = PBXBuildFile; fileRef = 1F18094325CB091600377C93 /* ArticleCD+CoreDataClass.swift */; };
		1F18094625CB091600377C93 /* ArticleCD+CoreDataProperties.swift in Sources */ = {isa = PBXBuildFile; fileRef = 1F18094425CB091600377C93 /* ArticleCD+CoreDataProperties.swift */; };
		1F18094825CB10A900377C93 /* CoreDataConvertible.swift in Sources */ = {isa = PBXBuildFile; fileRef = 1F18094725CB10A900377C93 /* CoreDataConvertible.swift */; };
		1F25D52525E23F320043ED1C /* AchievementViewController.swift in Sources */ = {isa = PBXBuildFile; fileRef = 1F25D52425E23F320043ED1C /* AchievementViewController.swift */; };
		1F3B0E3925B0EA8F005CF0BC /* StoreKit.framework in Frameworks */ = {isa = PBXBuildFile; fileRef = 1F3B0E3825B0EA8F005CF0BC /* StoreKit.framework */; };
		1F3CB71825AF122B000B6922 /* String + Height.swift in Sources */ = {isa = PBXBuildFile; fileRef = 1F3CB71725AF122B000B6922 /* String + Height.swift */; };
		1F3CB71A25B092BC000B6922 /* UIViewController + Extension.swift in Sources */ = {isa = PBXBuildFile; fileRef = 1F3CB71925B092BC000B6922 /* UIViewController + Extension.swift */; };
		1F44C7B925BF5A6C0068FEEF /* ProfileHeaderCell.swift in Sources */ = {isa = PBXBuildFile; fileRef = 1F44C7B825BF5A6C0068FEEF /* ProfileHeaderCell.swift */; };
		1F45852725A8F0B0007E46F2 /* CourseCell.swift in Sources */ = {isa = PBXBuildFile; fileRef = 1F45852625A8F0B0007E46F2 /* CourseCell.swift */; };
		1F46234025DAD4360039128B /* StringProtocol + Extension.swift in Sources */ = {isa = PBXBuildFile; fileRef = 1F46233F25DAD4360039128B /* StringProtocol + Extension.swift */; };
		1F4A4A1B25BB06D3005EA447 /* IndexableViewController.swift in Sources */ = {isa = PBXBuildFile; fileRef = 1F4A4A1A25BB06D3005EA447 /* IndexableViewController.swift */; };
		1F4A4A1E25BB347F005EA447 /* FeatureCell.swift in Sources */ = {isa = PBXBuildFile; fileRef = 1F4A4A1D25BB347F005EA447 /* FeatureCell.swift */; };
		1F503CBE25B6D08C00E62291 /* RequestType.swift in Sources */ = {isa = PBXBuildFile; fileRef = 1F503CBD25B6D08C00E62291 /* RequestType.swift */; };
		1F503CC025B6D0AF00E62291 /* API.swift in Sources */ = {isa = PBXBuildFile; fileRef = 1F503CBF25B6D0AF00E62291 /* API.swift */; };
		1F503CC225B6D25600E62291 /* StringConversion.swift in Sources */ = {isa = PBXBuildFile; fileRef = 1F503CC125B6D25600E62291 /* StringConversion.swift */; };
		1F503CC425B6F72B00E62291 /* AchievementModel.swift in Sources */ = {isa = PBXBuildFile; fileRef = 1F503CC325B6F72B00E62291 /* AchievementModel.swift */; };
		1F517F4B25ADF71400F121D4 /* WebImageView.swift in Sources */ = {isa = PBXBuildFile; fileRef = 1F517F4A25ADF71400F121D4 /* WebImageView.swift */; };
		1F517F4D25AE050900F121D4 /* KeychainItem.swift in Sources */ = {isa = PBXBuildFile; fileRef = 1F517F4C25AE050900F121D4 /* KeychainItem.swift */; };
		1F517F4F25AE0FBB00F121D4 /* Data + Extension.swift in Sources */ = {isa = PBXBuildFile; fileRef = 1F517F4E25AE0FBB00F121D4 /* Data + Extension.swift */; };
		1F5F935125CE896200FBF0D3 /* LessonView.swift in Sources */ = {isa = PBXBuildFile; fileRef = 1F5F935025CE896200FBF0D3 /* LessonView.swift */; };
		1F5F935325CE8D8D00FBF0D3 /* SwipeToDismissViewDelegate.swift in Sources */ = {isa = PBXBuildFile; fileRef = 1F5F935225CE8D8D00FBF0D3 /* SwipeToDismissViewDelegate.swift */; };
		1F6DF55A25C5539E0085D3D8 /* SwipeToDismissControllerDelegate.swift in Sources */ = {isa = PBXBuildFile; fileRef = 1F6DF55925C5539E0085D3D8 /* SwipeToDismissControllerDelegate.swift */; };
		1F6DF55C25C55A1A0085D3D8 /* IntroCell.swift in Sources */ = {isa = PBXBuildFile; fileRef = 1F6DF55B25C55A1A0085D3D8 /* IntroCell.swift */; };
		1F6E92E325A8666A00DF974F /* CourseModel.swift in Sources */ = {isa = PBXBuildFile; fileRef = 1F6E92E225A8666A00DF974F /* CourseModel.swift */; };
		1F6E92E625A8A04900DF974F /* ArticleModel.swift in Sources */ = {isa = PBXBuildFile; fileRef = 1F6E92E525A8A04900DF974F /* ArticleModel.swift */; };
		1F83355425A753A100BCEDE8 /* TabBarController.swift in Sources */ = {isa = PBXBuildFile; fileRef = 1F83355325A753A100BCEDE8 /* TabBarController.swift */; };
		1F83355725A7569900BCEDE8 /* ListCourseViewController.swift in Sources */ = {isa = PBXBuildFile; fileRef = 1F83355625A7569900BCEDE8 /* ListCourseViewController.swift */; };
		1F83355925A756A500BCEDE8 /* ArticlesViewController.swift in Sources */ = {isa = PBXBuildFile; fileRef = 1F83355825A756A500BCEDE8 /* ArticlesViewController.swift */; };
		1F83355B25A756AF00BCEDE8 /* GrammarViewController.swift in Sources */ = {isa = PBXBuildFile; fileRef = 1F83355A25A756AF00BCEDE8 /* GrammarViewController.swift */; };
		1F83355D25A756BC00BCEDE8 /* ProfileViewController.swift in Sources */ = {isa = PBXBuildFile; fileRef = 1F83355C25A756BC00BCEDE8 /* ProfileViewController.swift */; };
		1F90F78125D04E750047D3D2 /* StatusBarColor.swift in Sources */ = {isa = PBXBuildFile; fileRef = 1F90F78025D04E750047D3D2 /* StatusBarColor.swift */; };
		1F99B8EC25CF6F050085AF19 /* UIImage + GIF.swift in Sources */ = {isa = PBXBuildFile; fileRef = 1F99B8EB25CF6F050085AF19 /* UIImage + GIF.swift */; };
		1F99B8EF25CFFC3B0085AF19 /* TabBarController + DataFetch.swift in Sources */ = {isa = PBXBuildFile; fileRef = 1F99B8EE25CFFC3B0085AF19 /* TabBarController + DataFetch.swift */; };
		1F9BB90C25C1AC180049748F /* NetworkDataFetcher.swift in Sources */ = {isa = PBXBuildFile; fileRef = 1F9BB90B25C1AC180049748F /* NetworkDataFetcher.swift */; };
		1FA10A8425BC234D00D2FBC5 /* LessonCellDataSource.swift in Sources */ = {isa = PBXBuildFile; fileRef = 1FA10A8325BC234D00D2FBC5 /* LessonCellDataSource.swift */; };
		1FA1A13D25ACC880008621FB /* GrammarArticleModel.swift in Sources */ = {isa = PBXBuildFile; fileRef = 1FA1A13C25ACC880008621FB /* GrammarArticleModel.swift */; };
		1FA1A13F25ACCBF0008621FB /* StudentsProgressModel.swift in Sources */ = {isa = PBXBuildFile; fileRef = 1FA1A13E25ACCBF0008621FB /* StudentsProgressModel.swift */; };
		1FA1A14125ACCD70008621FB /* LessonModel.swift in Sources */ = {isa = PBXBuildFile; fileRef = 1FA1A14025ACCD70008621FB /* LessonModel.swift */; };
		1FA6C18125C17A3F0038FAE5 /* WebViewController.swift in Sources */ = {isa = PBXBuildFile; fileRef = 1FA6C18025C17A3F0038FAE5 /* WebViewController.swift */; };
		1FAB8F6525CA257B005E0FFE /* DataManager.swift in Sources */ = {isa = PBXBuildFile; fileRef = 1FAB8F6425CA257B005E0FFE /* DataManager.swift */; };
		1FB3ADF325BEF7CF00710D5B /* TitleCell.swift in Sources */ = {isa = PBXBuildFile; fileRef = 1FB3ADF225BEF7CF00710D5B /* TitleCell.swift */; };
		1FB3ADF625BF217400710D5B /* CourseTitleCell.swift in Sources */ = {isa = PBXBuildFile; fileRef = 1FB3ADF525BF217400710D5B /* CourseTitleCell.swift */; };
		1FC0377B25DEB2DA007636C0 /* FilterViewController.swift in Sources */ = {isa = PBXBuildFile; fileRef = 1FC0377A25DEB2DA007636C0 /* FilterViewController.swift */; };
		1FCD9EB325CAFD3600C94083 /* AchievementCD+CoreDataClass.swift in Sources */ = {isa = PBXBuildFile; fileRef = 1FCD9EA425CAFA2A00C94083 /* AchievementCD+CoreDataClass.swift */; };
		1FCD9EBB25CAFD3B00C94083 /* AchievementCD+CoreDataProperties.swift in Sources */ = {isa = PBXBuildFile; fileRef = 1FCD9EA825CAFA2A00C94083 /* AchievementCD+CoreDataProperties.swift */; };
		1FCD9EBE25CAFD3B00C94083 /* GrammarCD+CoreDataClass.swift in Sources */ = {isa = PBXBuildFile; fileRef = 1FCD9EA125CAFA2900C94083 /* GrammarCD+CoreDataClass.swift */; };
		1FCD9EBF25CAFD3B00C94083 /* GrammarCD+CoreDataProperties.swift in Sources */ = {isa = PBXBuildFile; fileRef = 1FCD9EA525CAFA2A00C94083 /* GrammarCD+CoreDataProperties.swift */; };
		1FCD9EC025CAFD3B00C94083 /* LessonCD+CoreDataClass.swift in Sources */ = {isa = PBXBuildFile; fileRef = 1FCD9EA725CAFA2A00C94083 /* LessonCD+CoreDataClass.swift */; };
		1FCD9EC125CAFD3B00C94083 /* LessonCD+CoreDataProperties.swift in Sources */ = {isa = PBXBuildFile; fileRef = 1FCD9EA325CAFA2900C94083 /* LessonCD+CoreDataProperties.swift */; };
		1FCD9EC225CAFD3B00C94083 /* CourseCD+CoreDataClass.swift in Sources */ = {isa = PBXBuildFile; fileRef = 1FCD9E9E25CAF8FD00C94083 /* CourseCD+CoreDataClass.swift */; };
		1FCD9EC325CAFD3B00C94083 /* CourseCD+CoreDataProperties.swift in Sources */ = {isa = PBXBuildFile; fileRef = 1FCD9E9D25CAF8FD00C94083 /* CourseCD+CoreDataProperties.swift */; };
		1FCF656C25B7943F00624C61 /* PageViewController.swift in Sources */ = {isa = PBXBuildFile; fileRef = 1FCF656B25B7943F00624C61 /* PageViewController.swift */; };
		1FD1892125C005CE0006FB29 /* AchievementView.swift in Sources */ = {isa = PBXBuildFile; fileRef = 1FD1892025C005CE0006FB29 /* AchievementView.swift */; };
		1FDE177525B4EB1B0059E7FC /* LayoutAnchorHelper.swift in Sources */ = {isa = PBXBuildFile; fileRef = 1FDE177425B4EB1B0059E7FC /* LayoutAnchorHelper.swift */; };
		1FE4A05925D0157E000AD9D9 /* Reachability.swift in Sources */ = {isa = PBXBuildFile; fileRef = 1FE4A05825D0157E000AD9D9 /* Reachability.swift */; };
		1FED14B225AB9818009A6B0C /* AchievementCell.swift in Sources */ = {isa = PBXBuildFile; fileRef = 1FED14B125AB9818009A6B0C /* AchievementCell.swift */; };
		1FF0A80B25B75C8700A9666B /* HelloViewController.swift in Sources */ = {isa = PBXBuildFile; fileRef = 1FF0A80A25B75C8700A9666B /* HelloViewController.swift */; };
		1FF0A80D25B75DD600A9666B /* AppDescriptionViewController.swift in Sources */ = {isa = PBXBuildFile; fileRef = 1FF0A80C25B75DD600A9666B /* AppDescriptionViewController.swift */; };
		1FF0A80F25B75DE800A9666B /* FeaturesViewController.swift in Sources */ = {isa = PBXBuildFile; fileRef = 1FF0A80E25B75DE800A9666B /* FeaturesViewController.swift */; };
		1FF4706925AA4156001E427F /* UIColor + HexValue.swift in Sources */ = {isa = PBXBuildFile; fileRef = 1FF4706825AA4156001E427F /* UIColor + HexValue.swift */; };
		1FF4706B25AA4304001E427F /* ViewController.swift in Sources */ = {isa = PBXBuildFile; fileRef = 1FF4706A25AA4304001E427F /* ViewController.swift */; };
		1FF579F325C4CF7D0019C010 /* ProgressView.swift in Sources */ = {isa = PBXBuildFile; fileRef = 1FF579F225C4CF7D0019C010 /* ProgressView.swift */; };
		1FF6706E25A9B314006D4EEE /* UITableView + Extension.swift in Sources */ = {isa = PBXBuildFile; fileRef = 1FF6706D25A9B314006D4EEE /* UITableView + Extension.swift */; };
		1FF6707025A9B386006D4EEE /* TableViewCell.swift in Sources */ = {isa = PBXBuildFile; fileRef = 1FF6706F25A9B386006D4EEE /* TableViewCell.swift */; };
		1FF6707225A9F3F0006D4EEE /* CourseViewController.swift in Sources */ = {isa = PBXBuildFile; fileRef = 1FF6707125A9F3F0006D4EEE /* CourseViewController.swift */; };
		1FF6707625A9F44E006D4EEE /* LessonCell.swift in Sources */ = {isa = PBXBuildFile; fileRef = 1FF6707325A9F410006D4EEE /* LessonCell.swift */; };
		1FF8AA1625B6CFD80095663A /* NetworkService.swift in Sources */ = {isa = PBXBuildFile; fileRef = 1FF8AA1525B6CFD80095663A /* NetworkService.swift */; };
		1FF8AA1825B6CFF60095663A /* NetworkError.swift in Sources */ = {isa = PBXBuildFile; fileRef = 1FF8AA1725B6CFF60095663A /* NetworkError.swift */; };
		C0B22BFD07B552E7208C5D16 /* Pods_Architechik.framework in Frameworks */ = {isa = PBXBuildFile; fileRef = 3F195700772561840F364B00 /* Pods_Architechik.framework */; };
/* End PBXBuildFile section */

/* Begin PBXFileReference section */
		1F00622E25D1799100C240C1 /* StudentProgressCD+CoreDataClass.swift */ = {isa = PBXFileReference; lastKnownFileType = sourcecode.swift; path = "StudentProgressCD+CoreDataClass.swift"; sourceTree = SOURCE_ROOT; };
		1F00622F25D1799100C240C1 /* StudentProgressCD+CoreDataProperties.swift */ = {isa = PBXFileReference; lastKnownFileType = sourcecode.swift; path = "StudentProgressCD+CoreDataProperties.swift"; sourceTree = SOURCE_ROOT; };
		1F08325125C0A12D0043F39F /* PurchaseView.swift */ = {isa = PBXFileReference; lastKnownFileType = sourcecode.swift; path = PurchaseView.swift; sourceTree = "<group>"; };
		1F0AA79225D7F36C00195F92 /* NetworkSpeedTest.swift */ = {isa = PBXFileReference; lastKnownFileType = sourcecode.swift; path = NetworkSpeedTest.swift; sourceTree = "<group>"; };
		1F0B69B725C836D400103B17 /* UIView + AnchorPoint.swift */ = {isa = PBXFileReference; lastKnownFileType = sourcecode.swift; path = "UIView + AnchorPoint.swift"; sourceTree = "<group>"; };
		1F0C100E25B5B4BE0040CCC3 /* DescriptionCell.swift */ = {isa = PBXFileReference; lastKnownFileType = sourcecode.swift; path = DescriptionCell.swift; sourceTree = "<group>"; };
		1F0C101025B5C98F0040CCC3 /* UnlockCell.swift */ = {isa = PBXFileReference; lastKnownFileType = sourcecode.swift; path = UnlockCell.swift; sourceTree = "<group>"; };
		1F0C101225B5FCE40040CCC3 /* FilterView.swift */ = {isa = PBXFileReference; lastKnownFileType = sourcecode.swift; path = FilterView.swift; sourceTree = "<group>"; };
		1F0C101425B5FF2C0040CCC3 /* CategoryView.swift */ = {isa = PBXFileReference; lastKnownFileType = sourcecode.swift; path = CategoryView.swift; sourceTree = "<group>"; };
		1F11590725A0D2DB00682A69 /* Architechick.app */ = {isa = PBXFileReference; explicitFileType = wrapper.application; includeInIndex = 0; path = Architechick.app; sourceTree = BUILT_PRODUCTS_DIR; };
		1F11590A25A0D2DB00682A69 /* AppDelegate.swift */ = {isa = PBXFileReference; lastKnownFileType = sourcecode.swift; path = AppDelegate.swift; sourceTree = "<group>"; };
		1F11590C25A0D2DB00682A69 /* LoginViewController.swift */ = {isa = PBXFileReference; lastKnownFileType = sourcecode.swift; path = LoginViewController.swift; sourceTree = "<group>"; };
		1F11590E25A0D2DC00682A69 /* Assets.xcassets */ = {isa = PBXFileReference; lastKnownFileType = folder.assetcatalog; path = Assets.xcassets; sourceTree = "<group>"; };
		1F11591125A0D2DC00682A69 /* Base */ = {isa = PBXFileReference; lastKnownFileType = file.storyboard; name = Base; path = Base.lproj/LaunchScreen.storyboard; sourceTree = "<group>"; };
		1F11591325A0D2DC00682A69 /* Info.plist */ = {isa = PBXFileReference; lastKnownFileType = text.plist.xml; path = Info.plist; sourceTree = "<group>"; };
		1F18094125CB077800377C93 /* DataModel.xcdatamodel */ = {isa = PBXFileReference; lastKnownFileType = wrapper.xcdatamodel; path = DataModel.xcdatamodel; sourceTree = "<group>"; };
		1F18094325CB091600377C93 /* ArticleCD+CoreDataClass.swift */ = {isa = PBXFileReference; lastKnownFileType = sourcecode.swift; path = "ArticleCD+CoreDataClass.swift"; sourceTree = SOURCE_ROOT; };
		1F18094425CB091600377C93 /* ArticleCD+CoreDataProperties.swift */ = {isa = PBXFileReference; lastKnownFileType = sourcecode.swift; path = "ArticleCD+CoreDataProperties.swift"; sourceTree = SOURCE_ROOT; };
		1F18094725CB10A900377C93 /* CoreDataConvertible.swift */ = {isa = PBXFileReference; lastKnownFileType = sourcecode.swift; path = CoreDataConvertible.swift; sourceTree = "<group>"; };
		1F25D52425E23F320043ED1C /* AchievementViewController.swift */ = {isa = PBXFileReference; lastKnownFileType = sourcecode.swift; path = AchievementViewController.swift; sourceTree = "<group>"; };
		1F3B0E3525B0E677005CF0BC /* Architechik.entitlements */ = {isa = PBXFileReference; fileEncoding = 4; lastKnownFileType = text.plist.entitlements; name = Architechik.entitlements; path = "Architechik/Supporting files/Architechik.entitlements"; sourceTree = SOURCE_ROOT; };
		1F3B0E3825B0EA8F005CF0BC /* StoreKit.framework */ = {isa = PBXFileReference; lastKnownFileType = wrapper.framework; name = StoreKit.framework; path = System/Library/Frameworks/StoreKit.framework; sourceTree = SDKROOT; };
		1F3CB71725AF122B000B6922 /* String + Height.swift */ = {isa = PBXFileReference; lastKnownFileType = sourcecode.swift; path = "String + Height.swift"; sourceTree = "<group>"; };
		1F3CB71925B092BC000B6922 /* UIViewController + Extension.swift */ = {isa = PBXFileReference; lastKnownFileType = sourcecode.swift; path = "UIViewController + Extension.swift"; sourceTree = "<group>"; };
		1F44C7B825BF5A6C0068FEEF /* ProfileHeaderCell.swift */ = {isa = PBXFileReference; lastKnownFileType = sourcecode.swift; path = ProfileHeaderCell.swift; sourceTree = "<group>"; };
		1F45852625A8F0B0007E46F2 /* CourseCell.swift */ = {isa = PBXFileReference; lastKnownFileType = sourcecode.swift; path = CourseCell.swift; sourceTree = "<group>"; };
		1F46233F25DAD4360039128B /* StringProtocol + Extension.swift */ = {isa = PBXFileReference; lastKnownFileType = sourcecode.swift; path = "StringProtocol + Extension.swift"; sourceTree = "<group>"; };
		1F4A4A1A25BB06D3005EA447 /* IndexableViewController.swift */ = {isa = PBXFileReference; lastKnownFileType = sourcecode.swift; path = IndexableViewController.swift; sourceTree = "<group>"; };
		1F4A4A1D25BB347F005EA447 /* FeatureCell.swift */ = {isa = PBXFileReference; lastKnownFileType = sourcecode.swift; path = FeatureCell.swift; sourceTree = "<group>"; };
		1F503CBD25B6D08C00E62291 /* RequestType.swift */ = {isa = PBXFileReference; lastKnownFileType = sourcecode.swift; path = RequestType.swift; sourceTree = "<group>"; };
		1F503CBF25B6D0AF00E62291 /* API.swift */ = {isa = PBXFileReference; lastKnownFileType = sourcecode.swift; path = API.swift; sourceTree = "<group>"; };
		1F503CC125B6D25600E62291 /* StringConversion.swift */ = {isa = PBXFileReference; lastKnownFileType = sourcecode.swift; path = StringConversion.swift; sourceTree = "<group>"; };
		1F503CC325B6F72B00E62291 /* AchievementModel.swift */ = {isa = PBXFileReference; lastKnownFileType = sourcecode.swift; path = AchievementModel.swift; sourceTree = "<group>"; };
		1F517F4A25ADF71400F121D4 /* WebImageView.swift */ = {isa = PBXFileReference; lastKnownFileType = sourcecode.swift; path = WebImageView.swift; sourceTree = "<group>"; };
		1F517F4C25AE050900F121D4 /* KeychainItem.swift */ = {isa = PBXFileReference; lastKnownFileType = sourcecode.swift; path = KeychainItem.swift; sourceTree = "<group>"; };
		1F517F4E25AE0FBB00F121D4 /* Data + Extension.swift */ = {isa = PBXFileReference; lastKnownFileType = sourcecode.swift; path = "Data + Extension.swift"; sourceTree = "<group>"; };
		1F5F935025CE896200FBF0D3 /* LessonView.swift */ = {isa = PBXFileReference; lastKnownFileType = sourcecode.swift; path = LessonView.swift; sourceTree = "<group>"; };
		1F5F935225CE8D8D00FBF0D3 /* SwipeToDismissViewDelegate.swift */ = {isa = PBXFileReference; lastKnownFileType = sourcecode.swift; path = SwipeToDismissViewDelegate.swift; sourceTree = "<group>"; };
		1F6DF55925C5539E0085D3D8 /* SwipeToDismissControllerDelegate.swift */ = {isa = PBXFileReference; lastKnownFileType = sourcecode.swift; path = SwipeToDismissControllerDelegate.swift; sourceTree = "<group>"; };
		1F6DF55B25C55A1A0085D3D8 /* IntroCell.swift */ = {isa = PBXFileReference; lastKnownFileType = sourcecode.swift; path = IntroCell.swift; sourceTree = "<group>"; };
		1F6E92E225A8666A00DF974F /* CourseModel.swift */ = {isa = PBXFileReference; lastKnownFileType = sourcecode.swift; path = CourseModel.swift; sourceTree = "<group>"; };
		1F6E92E525A8A04900DF974F /* ArticleModel.swift */ = {isa = PBXFileReference; lastKnownFileType = sourcecode.swift; path = ArticleModel.swift; sourceTree = "<group>"; };
		1F83355325A753A100BCEDE8 /* TabBarController.swift */ = {isa = PBXFileReference; lastKnownFileType = sourcecode.swift; path = TabBarController.swift; sourceTree = "<group>"; };
		1F83355625A7569900BCEDE8 /* ListCourseViewController.swift */ = {isa = PBXFileReference; lastKnownFileType = sourcecode.swift; path = ListCourseViewController.swift; sourceTree = "<group>"; };
		1F83355825A756A500BCEDE8 /* ArticlesViewController.swift */ = {isa = PBXFileReference; lastKnownFileType = sourcecode.swift; path = ArticlesViewController.swift; sourceTree = "<group>"; };
		1F83355A25A756AF00BCEDE8 /* GrammarViewController.swift */ = {isa = PBXFileReference; lastKnownFileType = sourcecode.swift; path = GrammarViewController.swift; sourceTree = "<group>"; };
		1F83355C25A756BC00BCEDE8 /* ProfileViewController.swift */ = {isa = PBXFileReference; lastKnownFileType = sourcecode.swift; path = ProfileViewController.swift; sourceTree = "<group>"; };
		1F90F78025D04E750047D3D2 /* StatusBarColor.swift */ = {isa = PBXFileReference; lastKnownFileType = sourcecode.swift; path = StatusBarColor.swift; sourceTree = "<group>"; };
		1F99B8EB25CF6F050085AF19 /* UIImage + GIF.swift */ = {isa = PBXFileReference; fileEncoding = 4; lastKnownFileType = sourcecode.swift; path = "UIImage + GIF.swift"; sourceTree = "<group>"; };
		1F99B8EE25CFFC3B0085AF19 /* TabBarController + DataFetch.swift */ = {isa = PBXFileReference; lastKnownFileType = sourcecode.swift; path = "TabBarController + DataFetch.swift"; sourceTree = "<group>"; };
		1F9BB90B25C1AC180049748F /* NetworkDataFetcher.swift */ = {isa = PBXFileReference; lastKnownFileType = sourcecode.swift; path = NetworkDataFetcher.swift; sourceTree = "<group>"; };
		1FA10A8325BC234D00D2FBC5 /* LessonCellDataSource.swift */ = {isa = PBXFileReference; lastKnownFileType = sourcecode.swift; path = LessonCellDataSource.swift; sourceTree = "<group>"; };
		1FA1A13C25ACC880008621FB /* GrammarArticleModel.swift */ = {isa = PBXFileReference; lastKnownFileType = sourcecode.swift; path = GrammarArticleModel.swift; sourceTree = "<group>"; };
		1FA1A13E25ACCBF0008621FB /* StudentsProgressModel.swift */ = {isa = PBXFileReference; lastKnownFileType = sourcecode.swift; path = StudentsProgressModel.swift; sourceTree = "<group>"; };
		1FA1A14025ACCD70008621FB /* LessonModel.swift */ = {isa = PBXFileReference; lastKnownFileType = sourcecode.swift; path = LessonModel.swift; sourceTree = "<group>"; };
		1FA6C18025C17A3F0038FAE5 /* WebViewController.swift */ = {isa = PBXFileReference; lastKnownFileType = sourcecode.swift; path = WebViewController.swift; sourceTree = "<group>"; };
		1FAB8F6425CA257B005E0FFE /* DataManager.swift */ = {isa = PBXFileReference; lastKnownFileType = sourcecode.swift; path = DataManager.swift; sourceTree = "<group>"; };
		1FB3ADF225BEF7CF00710D5B /* TitleCell.swift */ = {isa = PBXFileReference; lastKnownFileType = sourcecode.swift; path = TitleCell.swift; sourceTree = "<group>"; };
		1FB3ADF525BF217400710D5B /* CourseTitleCell.swift */ = {isa = PBXFileReference; lastKnownFileType = sourcecode.swift; path = CourseTitleCell.swift; sourceTree = "<group>"; };
		1FC0377A25DEB2DA007636C0 /* FilterViewController.swift */ = {isa = PBXFileReference; lastKnownFileType = sourcecode.swift; path = FilterViewController.swift; sourceTree = "<group>"; };
		1FCD9E9D25CAF8FD00C94083 /* CourseCD+CoreDataProperties.swift */ = {isa = PBXFileReference; fileEncoding = 4; lastKnownFileType = sourcecode.swift; path = "CourseCD+CoreDataProperties.swift"; sourceTree = "<group>"; };
		1FCD9E9E25CAF8FD00C94083 /* CourseCD+CoreDataClass.swift */ = {isa = PBXFileReference; fileEncoding = 4; lastKnownFileType = sourcecode.swift; path = "CourseCD+CoreDataClass.swift"; sourceTree = "<group>"; };
		1FCD9EA125CAFA2900C94083 /* GrammarCD+CoreDataClass.swift */ = {isa = PBXFileReference; fileEncoding = 4; lastKnownFileType = sourcecode.swift; path = "GrammarCD+CoreDataClass.swift"; sourceTree = "<group>"; };
		1FCD9EA325CAFA2900C94083 /* LessonCD+CoreDataProperties.swift */ = {isa = PBXFileReference; fileEncoding = 4; lastKnownFileType = sourcecode.swift; path = "LessonCD+CoreDataProperties.swift"; sourceTree = "<group>"; };
		1FCD9EA425CAFA2A00C94083 /* AchievementCD+CoreDataClass.swift */ = {isa = PBXFileReference; fileEncoding = 4; lastKnownFileType = sourcecode.swift; path = "AchievementCD+CoreDataClass.swift"; sourceTree = "<group>"; };
		1FCD9EA525CAFA2A00C94083 /* GrammarCD+CoreDataProperties.swift */ = {isa = PBXFileReference; fileEncoding = 4; lastKnownFileType = sourcecode.swift; path = "GrammarCD+CoreDataProperties.swift"; sourceTree = "<group>"; };
		1FCD9EA725CAFA2A00C94083 /* LessonCD+CoreDataClass.swift */ = {isa = PBXFileReference; fileEncoding = 4; lastKnownFileType = sourcecode.swift; path = "LessonCD+CoreDataClass.swift"; sourceTree = "<group>"; };
		1FCD9EA825CAFA2A00C94083 /* AchievementCD+CoreDataProperties.swift */ = {isa = PBXFileReference; fileEncoding = 4; lastKnownFileType = sourcecode.swift; path = "AchievementCD+CoreDataProperties.swift"; sourceTree = "<group>"; };
		1FCF656B25B7943F00624C61 /* PageViewController.swift */ = {isa = PBXFileReference; lastKnownFileType = sourcecode.swift; path = PageViewController.swift; sourceTree = "<group>"; };
		1FD1892025C005CE0006FB29 /* AchievementView.swift */ = {isa = PBXFileReference; lastKnownFileType = sourcecode.swift; path = AchievementView.swift; sourceTree = "<group>"; };
		1FDE177425B4EB1B0059E7FC /* LayoutAnchorHelper.swift */ = {isa = PBXFileReference; lastKnownFileType = sourcecode.swift; path = LayoutAnchorHelper.swift; sourceTree = "<group>"; };
		1FE4A05825D0157E000AD9D9 /* Reachability.swift */ = {isa = PBXFileReference; lastKnownFileType = sourcecode.swift; path = Reachability.swift; sourceTree = "<group>"; };
		1FED14B125AB9818009A6B0C /* AchievementCell.swift */ = {isa = PBXFileReference; lastKnownFileType = sourcecode.swift; path = AchievementCell.swift; sourceTree = "<group>"; };
		1FF0A80A25B75C8700A9666B /* HelloViewController.swift */ = {isa = PBXFileReference; lastKnownFileType = sourcecode.swift; path = HelloViewController.swift; sourceTree = "<group>"; };
		1FF0A80C25B75DD600A9666B /* AppDescriptionViewController.swift */ = {isa = PBXFileReference; lastKnownFileType = sourcecode.swift; path = AppDescriptionViewController.swift; sourceTree = "<group>"; };
		1FF0A80E25B75DE800A9666B /* FeaturesViewController.swift */ = {isa = PBXFileReference; lastKnownFileType = sourcecode.swift; path = FeaturesViewController.swift; sourceTree = "<group>"; };
		1FF4706825AA4156001E427F /* UIColor + HexValue.swift */ = {isa = PBXFileReference; fileEncoding = 4; lastKnownFileType = sourcecode.swift; path = "UIColor + HexValue.swift"; sourceTree = "<group>"; };
		1FF4706A25AA4304001E427F /* ViewController.swift */ = {isa = PBXFileReference; lastKnownFileType = sourcecode.swift; path = ViewController.swift; sourceTree = "<group>"; };
		1FF579F225C4CF7D0019C010 /* ProgressView.swift */ = {isa = PBXFileReference; lastKnownFileType = sourcecode.swift; path = ProgressView.swift; sourceTree = "<group>"; };
		1FF6706D25A9B314006D4EEE /* UITableView + Extension.swift */ = {isa = PBXFileReference; lastKnownFileType = sourcecode.swift; path = "UITableView + Extension.swift"; sourceTree = "<group>"; };
		1FF6706F25A9B386006D4EEE /* TableViewCell.swift */ = {isa = PBXFileReference; lastKnownFileType = sourcecode.swift; path = TableViewCell.swift; sourceTree = "<group>"; };
		1FF6707125A9F3F0006D4EEE /* CourseViewController.swift */ = {isa = PBXFileReference; lastKnownFileType = sourcecode.swift; path = CourseViewController.swift; sourceTree = "<group>"; };
		1FF6707325A9F410006D4EEE /* LessonCell.swift */ = {isa = PBXFileReference; lastKnownFileType = sourcecode.swift; path = LessonCell.swift; sourceTree = "<group>"; };
		1FF8AA1525B6CFD80095663A /* NetworkService.swift */ = {isa = PBXFileReference; lastKnownFileType = sourcecode.swift; path = NetworkService.swift; sourceTree = "<group>"; };
		1FF8AA1725B6CFF60095663A /* NetworkError.swift */ = {isa = PBXFileReference; lastKnownFileType = sourcecode.swift; path = NetworkError.swift; sourceTree = "<group>"; };
		23D38CBAF79B14BAF1B63776 /* Pods-Architechik.release.xcconfig */ = {isa = PBXFileReference; includeInIndex = 1; lastKnownFileType = text.xcconfig; name = "Pods-Architechik.release.xcconfig"; path = "Target Support Files/Pods-Architechik/Pods-Architechik.release.xcconfig"; sourceTree = "<group>"; };
		27292450B5B9F49514CF1B72 /* Pods-Architechik.debug.xcconfig */ = {isa = PBXFileReference; includeInIndex = 1; lastKnownFileType = text.xcconfig; name = "Pods-Architechik.debug.xcconfig"; path = "Target Support Files/Pods-Architechik/Pods-Architechik.debug.xcconfig"; sourceTree = "<group>"; };
		3F195700772561840F364B00 /* Pods_Architechik.framework */ = {isa = PBXFileReference; explicitFileType = wrapper.framework; includeInIndex = 0; path = Pods_Architechik.framework; sourceTree = BUILT_PRODUCTS_DIR; };
/* End PBXFileReference section */

/* Begin PBXFrameworksBuildPhase section */
		1F11590425A0D2DB00682A69 /* Frameworks */ = {
			isa = PBXFrameworksBuildPhase;
			buildActionMask = 2147483647;
			files = (
				C0B22BFD07B552E7208C5D16 /* Pods_Architechik.framework in Frameworks */,
				1F3B0E3925B0EA8F005CF0BC /* StoreKit.framework in Frameworks */,
			);
			runOnlyForDeploymentPostprocessing = 0;
		};
/* End PBXFrameworksBuildPhase section */

/* Begin PBXGroup section */
		1F0C101625B5FF300040CCC3 /* Filter */ = {
			isa = PBXGroup;
			children = (
				1F0C101225B5FCE40040CCC3 /* FilterView.swift */,
				1FC0377A25DEB2DA007636C0 /* FilterViewController.swift */,
				1F0C101425B5FF2C0040CCC3 /* CategoryView.swift */,
			);
			path = Filter;
			sourceTree = "<group>";
		};
		1F1158FE25A0D2DB00682A69 = {
			isa = PBXGroup;
			children = (
				1F11590925A0D2DB00682A69 /* Architechik */,
				1F11590825A0D2DB00682A69 /* Products */,
				41F16CF0C495B5D9C177C613 /* Pods */,
				40E7A878EFDFF66E8A6D3E9D /* Frameworks */,
			);
			sourceTree = "<group>";
		};
		1F11590825A0D2DB00682A69 /* Products */ = {
			isa = PBXGroup;
			children = (
				1F11590725A0D2DB00682A69 /* Architechick.app */,
			);
			name = Products;
			sourceTree = "<group>";
		};
		1F11590925A0D2DB00682A69 /* Architechik */ = {
			isa = PBXGroup;
			children = (
				1F3B0E5925B1CFA4005CF0BC /* Services */,
				1F6E92E425A8A03A00DF974F /* Models */,
				1F156D8225CA238E00552840 /* Custom Views */,
				1FF0A80925B75C4700A9666B /* Entrance */,
				1F83355525A7568200BCEDE8 /* Main */,
				1FF6706C25A9B2AB006D4EEE /* Helpers */,
				1F83355225A752C100BCEDE8 /* Supporting files */,
			);
			path = Architechik;
			sourceTree = "<group>";
		};
		1F156D8225CA238E00552840 /* Custom Views */ = {
			isa = PBXGroup;
			children = (
				1F25D52225E23F050043ED1C /* Achievements */,
				1FF579F225C4CF7D0019C010 /* ProgressView.swift */,
				1F08325125C0A12D0043F39F /* PurchaseView.swift */,
				1F0C101625B5FF300040CCC3 /* Filter */,
			);
			path = "Custom Views";
			sourceTree = "<group>";
		};
		1F156D8325CA23ED00552840 /* Network Models */ = {
			isa = PBXGroup;
			children = (
				1F6E92E225A8666A00DF974F /* CourseModel.swift */,
				1F6E92E525A8A04900DF974F /* ArticleModel.swift */,
				1FA1A13C25ACC880008621FB /* GrammarArticleModel.swift */,
				1FA1A13E25ACCBF0008621FB /* StudentsProgressModel.swift */,
				1FA1A14025ACCD70008621FB /* LessonModel.swift */,
				1F503CC325B6F72B00E62291 /* AchievementModel.swift */,
			);
			path = "Network Models";
			sourceTree = "<group>";
		};
		1F156D8425CA23FC00552840 /* CoreData Models */ = {
			isa = PBXGroup;
			children = (
				1F00622E25D1799100C240C1 /* StudentProgressCD+CoreDataClass.swift */,
				1F00622F25D1799100C240C1 /* StudentProgressCD+CoreDataProperties.swift */,
				1F18094325CB091600377C93 /* ArticleCD+CoreDataClass.swift */,
				1F18094425CB091600377C93 /* ArticleCD+CoreDataProperties.swift */,
				1FCD9EA425CAFA2A00C94083 /* AchievementCD+CoreDataClass.swift */,
				1FCD9EA825CAFA2A00C94083 /* AchievementCD+CoreDataProperties.swift */,
				1FCD9EA125CAFA2900C94083 /* GrammarCD+CoreDataClass.swift */,
				1FCD9EA525CAFA2A00C94083 /* GrammarCD+CoreDataProperties.swift */,
				1FCD9EA725CAFA2A00C94083 /* LessonCD+CoreDataClass.swift */,
				1FCD9EA325CAFA2900C94083 /* LessonCD+CoreDataProperties.swift */,
				1FCD9E9E25CAF8FD00C94083 /* CourseCD+CoreDataClass.swift */,
				1FCD9E9D25CAF8FD00C94083 /* CourseCD+CoreDataProperties.swift */,
			);
			path = "CoreData Models";
			sourceTree = "<group>";
		};
		1F25D52225E23F050043ED1C /* Achievements */ = {
			isa = PBXGroup;
			children = (
				1FD1892025C005CE0006FB29 /* AchievementView.swift */,
				1F25D52425E23F320043ED1C /* AchievementViewController.swift */,
			);
			path = Achievements;
			sourceTree = "<group>";
		};
		1F3B0E5925B1CFA4005CF0BC /* Services */ = {
			isa = PBXGroup;
			children = (
				1FAB8F6425CA257B005E0FFE /* DataManager.swift */,
				1FF8AA1925B6D0000095663A /* Network */,
			);
			path = Services;
			sourceTree = "<group>";
		};
		1F45852825A8F11A007E46F2 /* Course List */ = {
			isa = PBXGroup;
			children = (
				1F83355625A7569900BCEDE8 /* ListCourseViewController.swift */,
				1F45852625A8F0B0007E46F2 /* CourseCell.swift */,
			);
			path = "Course List";
			sourceTree = "<group>";
		};
		1F4A4A1C25BB346A005EA447 /* Features */ = {
			isa = PBXGroup;
			children = (
				1FF0A80E25B75DE800A9666B /* FeaturesViewController.swift */,
				1F4A4A1D25BB347F005EA447 /* FeatureCell.swift */,
			);
			path = Features;
			sourceTree = "<group>";
		};
		1F6E92E425A8A03A00DF974F /* Models */ = {
			isa = PBXGroup;
			children = (
				1F156D8425CA23FC00552840 /* CoreData Models */,
				1FA10A8325BC234D00D2FBC5 /* LessonCellDataSource.swift */,
				1F18094725CB10A900377C93 /* CoreDataConvertible.swift */,
				1F156D8325CA23ED00552840 /* Network Models */,
			);
			path = Models;
			sourceTree = "<group>";
		};
		1F83355225A752C100BCEDE8 /* Supporting files */ = {
			isa = PBXGroup;
			children = (
				1F3B0E3525B0E677005CF0BC /* Architechik.entitlements */,
				1F11590A25A0D2DB00682A69 /* AppDelegate.swift */,
				1F18094025CB077800377C93 /* Architechik.xcdatamodeld */,
				1F11590E25A0D2DC00682A69 /* Assets.xcassets */,
				1F11591025A0D2DC00682A69 /* LaunchScreen.storyboard */,
				1F11591325A0D2DC00682A69 /* Info.plist */,
			);
			path = "Supporting files";
			sourceTree = "<group>";
		};
		1F83355525A7568200BCEDE8 /* Main */ = {
			isa = PBXGroup;
			children = (
				1F99B8ED25CFFC240085AF19 /* TabBarController */,
				1FB3ADF225BEF7CF00710D5B /* TitleCell.swift */,
				1F5F935025CE896200FBF0D3 /* LessonView.swift */,
				1FA6C18025C17A3F0038FAE5 /* WebViewController.swift */,
				1F45852825A8F11A007E46F2 /* Course List */,
				1FF6707525A9F421006D4EEE /* Course */,
				1F83355825A756A500BCEDE8 /* ArticlesViewController.swift */,
				1F83355A25A756AF00BCEDE8 /* GrammarViewController.swift */,
				1FED14B025AB97E1009A6B0C /* Profile */,
			);
			path = Main;
			sourceTree = "<group>";
		};
		1F99B8ED25CFFC240085AF19 /* TabBarController */ = {
			isa = PBXGroup;
			children = (
				1F83355325A753A100BCEDE8 /* TabBarController.swift */,
				1F99B8EE25CFFC3B0085AF19 /* TabBarController + DataFetch.swift */,
			);
			path = TabBarController;
			sourceTree = "<group>";
		};
		1FB3ADF425BF216200710D5B /* Cells */ = {
			isa = PBXGroup;
			children = (
				1FB3ADF525BF217400710D5B /* CourseTitleCell.swift */,
				1F0C100E25B5B4BE0040CCC3 /* DescriptionCell.swift */,
				1F6DF55B25C55A1A0085D3D8 /* IntroCell.swift */,
				1F0C101025B5C98F0040CCC3 /* UnlockCell.swift */,
				1FF6707325A9F410006D4EEE /* LessonCell.swift */,
			);
			path = Cells;
			sourceTree = "<group>";
		};
		1FD1891F25C005AD0006FB29 /* Cells */ = {
			isa = PBXGroup;
			children = (
				1F44C7B825BF5A6C0068FEEF /* ProfileHeaderCell.swift */,
				1FED14B125AB9818009A6B0C /* AchievementCell.swift */,
			);
			path = Cells;
			sourceTree = "<group>";
		};
		1FED14B025AB97E1009A6B0C /* Profile */ = {
			isa = PBXGroup;
			children = (
				1F83355C25A756BC00BCEDE8 /* ProfileViewController.swift */,
				1FD1891F25C005AD0006FB29 /* Cells */,
			);
			path = Profile;
			sourceTree = "<group>";
		};
		1FF0A80925B75C4700A9666B /* Entrance */ = {
			isa = PBXGroup;
			children = (
				1F11590C25A0D2DB00682A69 /* LoginViewController.swift */,
				1FF13F4E25B7880D007BD245 /* Intro */,
			);
			path = Entrance;
			sourceTree = "<group>";
		};
		1FF13F4E25B7880D007BD245 /* Intro */ = {
			isa = PBXGroup;
			children = (
				1FCF656B25B7943F00624C61 /* PageViewController.swift */,
				1FF0A80A25B75C8700A9666B /* HelloViewController.swift */,
				1FF0A80C25B75DD600A9666B /* AppDescriptionViewController.swift */,
				1F4A4A1C25BB346A005EA447 /* Features */,
				1F4A4A1A25BB06D3005EA447 /* IndexableViewController.swift */,
			);
			path = Intro;
			sourceTree = "<group>";
		};
		1FF6706C25A9B2AB006D4EEE /* Helpers */ = {
			isa = PBXGroup;
			children = (
				1F99B8EB25CF6F050085AF19 /* UIImage + GIF.swift */,
				1FF4706825AA4156001E427F /* UIColor + HexValue.swift */,
				1FF6706D25A9B314006D4EEE /* UITableView + Extension.swift */,
				1FF6706F25A9B386006D4EEE /* TableViewCell.swift */,
				1FF4706A25AA4304001E427F /* ViewController.swift */,
				1F517F4A25ADF71400F121D4 /* WebImageView.swift */,
				1F517F4C25AE050900F121D4 /* KeychainItem.swift */,
				1F517F4E25AE0FBB00F121D4 /* Data + Extension.swift */,
				1F3CB71725AF122B000B6922 /* String + Height.swift */,
				1F3CB71925B092BC000B6922 /* UIViewController + Extension.swift */,
				1FDE177425B4EB1B0059E7FC /* LayoutAnchorHelper.swift */,
				1F503CC125B6D25600E62291 /* StringConversion.swift */,
				1F0B69B725C836D400103B17 /* UIView + AnchorPoint.swift */,
				1FE4A05825D0157E000AD9D9 /* Reachability.swift */,
				1F90F78025D04E750047D3D2 /* StatusBarColor.swift */,
				1F0AA79225D7F36C00195F92 /* NetworkSpeedTest.swift */,
				1F46233F25DAD4360039128B /* StringProtocol + Extension.swift */,
			);
			path = Helpers;
			sourceTree = "<group>";
		};
		1FF6707525A9F421006D4EEE /* Course */ = {
			isa = PBXGroup;
			children = (
				1FF6707125A9F3F0006D4EEE /* CourseViewController.swift */,
				1F6DF55925C5539E0085D3D8 /* SwipeToDismissControllerDelegate.swift */,
				1F5F935225CE8D8D00FBF0D3 /* SwipeToDismissViewDelegate.swift */,
				1FB3ADF425BF216200710D5B /* Cells */,
			);
			path = Course;
			sourceTree = "<group>";
		};
		1FF8AA1925B6D0000095663A /* Network */ = {
			isa = PBXGroup;
			children = (
				1FF8AA1525B6CFD80095663A /* NetworkService.swift */,
				1F9BB90B25C1AC180049748F /* NetworkDataFetcher.swift */,
				1FF8AA1725B6CFF60095663A /* NetworkError.swift */,
				1F503CBD25B6D08C00E62291 /* RequestType.swift */,
				1F503CBF25B6D0AF00E62291 /* API.swift */,
			);
			path = Network;
			sourceTree = "<group>";
		};
		40E7A878EFDFF66E8A6D3E9D /* Frameworks */ = {
			isa = PBXGroup;
			children = (
				1F3B0E3825B0EA8F005CF0BC /* StoreKit.framework */,
				3F195700772561840F364B00 /* Pods_Architechik.framework */,
			);
			name = Frameworks;
			sourceTree = "<group>";
		};
		41F16CF0C495B5D9C177C613 /* Pods */ = {
			isa = PBXGroup;
			children = (
				27292450B5B9F49514CF1B72 /* Pods-Architechik.debug.xcconfig */,
				23D38CBAF79B14BAF1B63776 /* Pods-Architechik.release.xcconfig */,
			);
			path = Pods;
			sourceTree = "<group>";
		};
/* End PBXGroup section */

/* Begin PBXNativeTarget section */
		1F11590625A0D2DB00682A69 /* Architechik */ = {
			isa = PBXNativeTarget;
			buildConfigurationList = 1F11591625A0D2DC00682A69 /* Build configuration list for PBXNativeTarget "Architechik" */;
			buildPhases = (
				ED7285ED7E03E2A73AC682F5 /* [CP] Check Pods Manifest.lock */,
				1F11590325A0D2DB00682A69 /* Sources */,
				1F11590425A0D2DB00682A69 /* Frameworks */,
				1F11590525A0D2DB00682A69 /* Resources */,
				DC28314E67CC9653BE355DC5 /* [CP] Embed Pods Frameworks */,
			);
			buildRules = (
			);
			dependencies = (
			);
			name = Architechik;
			productName = Architechik;
			productReference = 1F11590725A0D2DB00682A69 /* Architechick.app */;
			productType = "com.apple.product-type.application";
		};
/* End PBXNativeTarget section */

/* Begin PBXProject section */
		1F1158FF25A0D2DB00682A69 /* Project object */ = {
			isa = PBXProject;
			attributes = {
				LastSwiftUpdateCheck = 1160;
				LastUpgradeCheck = 1230;
				ORGANIZATIONNAME = "Александр Цветков";
				TargetAttributes = {
					1F11590625A0D2DB00682A69 = {
						CreatedOnToolsVersion = 11.6;
					};
				};
			};
			buildConfigurationList = 1F11590225A0D2DB00682A69 /* Build configuration list for PBXProject "Architechik" */;
			compatibilityVersion = "Xcode 9.3";
			developmentRegion = en;
			hasScannedForEncodings = 0;
			knownRegions = (
				en,
				Base,
			);
			mainGroup = 1F1158FE25A0D2DB00682A69;
			productRefGroup = 1F11590825A0D2DB00682A69 /* Products */;
			projectDirPath = "";
			projectRoot = "";
			targets = (
				1F11590625A0D2DB00682A69 /* Architechik */,
			);
		};
/* End PBXProject section */

/* Begin PBXResourcesBuildPhase section */
		1F11590525A0D2DB00682A69 /* Resources */ = {
			isa = PBXResourcesBuildPhase;
			buildActionMask = 2147483647;
			files = (
				1F11590F25A0D2DC00682A69 /* Assets.xcassets in Resources */,
				1F11591225A0D2DC00682A69 /* LaunchScreen.storyboard in Resources */,
			);
			runOnlyForDeploymentPostprocessing = 0;
		};
/* End PBXResourcesBuildPhase section */

/* Begin PBXShellScriptBuildPhase section */
		DC28314E67CC9653BE355DC5 /* [CP] Embed Pods Frameworks */ = {
			isa = PBXShellScriptBuildPhase;
			buildActionMask = 2147483647;
			files = (
			);
			inputFileListPaths = (
				"${PODS_ROOT}/Target Support Files/Pods-Architechik/Pods-Architechik-frameworks-${CONFIGURATION}-input-files.xcfilelist",
			);
			name = "[CP] Embed Pods Frameworks";
			outputFileListPaths = (
				"${PODS_ROOT}/Target Support Files/Pods-Architechik/Pods-Architechik-frameworks-${CONFIGURATION}-output-files.xcfilelist",
			);
			runOnlyForDeploymentPostprocessing = 0;
			shellPath = /bin/sh;
			shellScript = "\"${PODS_ROOT}/Target Support Files/Pods-Architechik/Pods-Architechik-frameworks.sh\"\n";
			showEnvVarsInLog = 0;
		};
		ED7285ED7E03E2A73AC682F5 /* [CP] Check Pods Manifest.lock */ = {
			isa = PBXShellScriptBuildPhase;
			buildActionMask = 2147483647;
			files = (
			);
			inputFileListPaths = (
			);
			inputPaths = (
				"${PODS_PODFILE_DIR_PATH}/Podfile.lock",
				"${PODS_ROOT}/Manifest.lock",
			);
			name = "[CP] Check Pods Manifest.lock";
			outputFileListPaths = (
			);
			outputPaths = (
				"$(DERIVED_FILE_DIR)/Pods-Architechik-checkManifestLockResult.txt",
			);
			runOnlyForDeploymentPostprocessing = 0;
			shellPath = /bin/sh;
			shellScript = "diff \"${PODS_PODFILE_DIR_PATH}/Podfile.lock\" \"${PODS_ROOT}/Manifest.lock\" > /dev/null\nif [ $? != 0 ] ; then\n    # print error to STDERR\n    echo \"error: The sandbox is not in sync with the Podfile.lock. Run 'pod install' or update your CocoaPods installation.\" >&2\n    exit 1\nfi\n# This output is used by Xcode 'outputs' to avoid re-running this script phase.\necho \"SUCCESS\" > \"${SCRIPT_OUTPUT_FILE_0}\"\n";
			showEnvVarsInLog = 0;
		};
/* End PBXShellScriptBuildPhase section */

/* Begin PBXSourcesBuildPhase section */
		1F11590325A0D2DB00682A69 /* Sources */ = {
			isa = PBXSourcesBuildPhase;
			buildActionMask = 2147483647;
			files = (
				1FF6707025A9B386006D4EEE /* TableViewCell.swift in Sources */,
				1FF0A80B25B75C8700A9666B /* HelloViewController.swift in Sources */,
				1FED14B225AB9818009A6B0C /* AchievementCell.swift in Sources */,
				1F6E92E325A8666A00DF974F /* CourseModel.swift in Sources */,
				1FF6706E25A9B314006D4EEE /* UITableView + Extension.swift in Sources */,
				1F00623125D1799100C240C1 /* StudentProgressCD+CoreDataProperties.swift in Sources */,
				1F503CC225B6D25600E62291 /* StringConversion.swift in Sources */,
				1FF4706B25AA4304001E427F /* ViewController.swift in Sources */,
				1FCD9EC125CAFD3B00C94083 /* LessonCD+CoreDataProperties.swift in Sources */,
				1F18094825CB10A900377C93 /* CoreDataConvertible.swift in Sources */,
				1F0C101525B5FF2C0040CCC3 /* CategoryView.swift in Sources */,
				1F83355B25A756AF00BCEDE8 /* GrammarViewController.swift in Sources */,
				1F44C7B925BF5A6C0068FEEF /* ProfileHeaderCell.swift in Sources */,
				1F3CB71A25B092BC000B6922 /* UIViewController + Extension.swift in Sources */,
				1F503CC025B6D0AF00E62291 /* API.swift in Sources */,
				1FE4A05925D0157E000AD9D9 /* Reachability.swift in Sources */,
				1F517F4D25AE050900F121D4 /* KeychainItem.swift in Sources */,
				1F6DF55A25C5539E0085D3D8 /* SwipeToDismissControllerDelegate.swift in Sources */,
				1F90F78125D04E750047D3D2 /* StatusBarColor.swift in Sources */,
				1FB3ADF625BF217400710D5B /* CourseTitleCell.swift in Sources */,
				1F0AA79325D7F36C00195F92 /* NetworkSpeedTest.swift in Sources */,
				1FA1A14125ACCD70008621FB /* LessonModel.swift in Sources */,
				1F45852725A8F0B0007E46F2 /* CourseCell.swift in Sources */,
				1F83355425A753A100BCEDE8 /* TabBarController.swift in Sources */,
				1FCD9EC225CAFD3B00C94083 /* CourseCD+CoreDataClass.swift in Sources */,
				1F517F4F25AE0FBB00F121D4 /* Data + Extension.swift in Sources */,
				1F0C101325B5FCE40040CCC3 /* FilterView.swift in Sources */,
				1FB3ADF325BEF7CF00710D5B /* TitleCell.swift in Sources */,
				1FCD9EBB25CAFD3B00C94083 /* AchievementCD+CoreDataProperties.swift in Sources */,
				1F0C101125B5C98F0040CCC3 /* UnlockCell.swift in Sources */,
				1F83355725A7569900BCEDE8 /* ListCourseViewController.swift in Sources */,
				1F0C100F25B5B4BE0040CCC3 /* DescriptionCell.swift in Sources */,
				1F6DF55C25C55A1A0085D3D8 /* IntroCell.swift in Sources */,
				1FF0A80F25B75DE800A9666B /* FeaturesViewController.swift in Sources */,
				1F11590B25A0D2DB00682A69 /* AppDelegate.swift in Sources */,
				1FAB8F6525CA257B005E0FFE /* DataManager.swift in Sources */,
				1F6E92E625A8A04900DF974F /* ArticleModel.swift in Sources */,
				1FCD9EBE25CAFD3B00C94083 /* GrammarCD+CoreDataClass.swift in Sources */,
				1F5F935125CE896200FBF0D3 /* LessonView.swift in Sources */,
				1F18094225CB077800377C93 /* Architechik.xcdatamodeld in Sources */,
				1FDE177525B4EB1B0059E7FC /* LayoutAnchorHelper.swift in Sources */,
				1FF8AA1625B6CFD80095663A /* NetworkService.swift in Sources */,
				1FF0A80D25B75DD600A9666B /* AppDescriptionViewController.swift in Sources */,
				1F83355D25A756BC00BCEDE8 /* ProfileViewController.swift in Sources */,
				1FD1892125C005CE0006FB29 /* AchievementView.swift in Sources */,
				1F08325225C0A12D0043F39F /* PurchaseView.swift in Sources */,
				1FA10A8425BC234D00D2FBC5 /* LessonCellDataSource.swift in Sources */,
				1FCD9EB325CAFD3600C94083 /* AchievementCD+CoreDataClass.swift in Sources */,
				1F9BB90C25C1AC180049748F /* NetworkDataFetcher.swift in Sources */,
				1FCD9EC025CAFD3B00C94083 /* LessonCD+CoreDataClass.swift in Sources */,
				1F4A4A1B25BB06D3005EA447 /* IndexableViewController.swift in Sources */,
				1F11590D25A0D2DB00682A69 /* LoginViewController.swift in Sources */,
				1F517F4B25ADF71400F121D4 /* WebImageView.swift in Sources */,
				1F18094625CB091600377C93 /* ArticleCD+CoreDataProperties.swift in Sources */,
				1F83355925A756A500BCEDE8 /* ArticlesViewController.swift in Sources */,
				1F00623025D1799100C240C1 /* StudentProgressCD+CoreDataClass.swift in Sources */,
				1FF4706925AA4156001E427F /* UIColor + HexValue.swift in Sources */,
				1F18094525CB091600377C93 /* ArticleCD+CoreDataClass.swift in Sources */,
				1FCD9EBF25CAFD3B00C94083 /* GrammarCD+CoreDataProperties.swift in Sources */,
				1F0B69B825C836D400103B17 /* UIView + AnchorPoint.swift in Sources */,
				1FCF656C25B7943F00624C61 /* PageViewController.swift in Sources */,
				1FCD9EC325CAFD3B00C94083 /* CourseCD+CoreDataProperties.swift in Sources */,
				1FF8AA1825B6CFF60095663A /* NetworkError.swift in Sources */,
				1F3CB71825AF122B000B6922 /* String + Height.swift in Sources */,
				1F5F935325CE8D8D00FBF0D3 /* SwipeToDismissViewDelegate.swift in Sources */,
				1F4A4A1E25BB347F005EA447 /* FeatureCell.swift in Sources */,
				1FF6707625A9F44E006D4EEE /* LessonCell.swift in Sources */,
				1F99B8EC25CF6F050085AF19 /* UIImage + GIF.swift in Sources */,
				1F46234025DAD4360039128B /* StringProtocol + Extension.swift in Sources */,
				1F503CC425B6F72B00E62291 /* AchievementModel.swift in Sources */,
				1FA6C18125C17A3F0038FAE5 /* WebViewController.swift in Sources */,
				1FA1A13D25ACC880008621FB /* GrammarArticleModel.swift in Sources */,
				1FC0377B25DEB2DA007636C0 /* FilterViewController.swift in Sources */,
				1FA1A13F25ACCBF0008621FB /* StudentsProgressModel.swift in Sources */,
				1FF579F325C4CF7D0019C010 /* ProgressView.swift in Sources */,
				1FF6707225A9F3F0006D4EEE /* CourseViewController.swift in Sources */,
				1F503CBE25B6D08C00E62291 /* RequestType.swift in Sources */,
				1F25D52525E23F320043ED1C /* AchievementViewController.swift in Sources */,
				1F99B8EF25CFFC3B0085AF19 /* TabBarController + DataFetch.swift in Sources */,
			);
			runOnlyForDeploymentPostprocessing = 0;
		};
/* End PBXSourcesBuildPhase section */

/* Begin PBXVariantGroup section */
		1F11591025A0D2DC00682A69 /* LaunchScreen.storyboard */ = {
			isa = PBXVariantGroup;
			children = (
				1F11591125A0D2DC00682A69 /* Base */,
			);
			name = LaunchScreen.storyboard;
			sourceTree = "<group>";
		};
/* End PBXVariantGroup section */

/* Begin XCBuildConfiguration section */
		1F11591425A0D2DC00682A69 /* Debug */ = {
			isa = XCBuildConfiguration;
			buildSettings = {
				ALWAYS_SEARCH_USER_PATHS = NO;
				CLANG_ANALYZER_NONNULL = YES;
				CLANG_ANALYZER_NUMBER_OBJECT_CONVERSION = YES_AGGRESSIVE;
				CLANG_CXX_LANGUAGE_STANDARD = "gnu++14";
				CLANG_CXX_LIBRARY = "libc++";
				CLANG_ENABLE_MODULES = YES;
				CLANG_ENABLE_OBJC_ARC = YES;
				CLANG_ENABLE_OBJC_WEAK = YES;
				CLANG_WARN_BLOCK_CAPTURE_AUTORELEASING = YES;
				CLANG_WARN_BOOL_CONVERSION = YES;
				CLANG_WARN_COMMA = YES;
				CLANG_WARN_CONSTANT_CONVERSION = YES;
				CLANG_WARN_DEPRECATED_OBJC_IMPLEMENTATIONS = YES;
				CLANG_WARN_DIRECT_OBJC_ISA_USAGE = YES_ERROR;
				CLANG_WARN_DOCUMENTATION_COMMENTS = YES;
				CLANG_WARN_EMPTY_BODY = YES;
				CLANG_WARN_ENUM_CONVERSION = YES;
				CLANG_WARN_INFINITE_RECURSION = YES;
				CLANG_WARN_INT_CONVERSION = YES;
				CLANG_WARN_NON_LITERAL_NULL_CONVERSION = YES;
				CLANG_WARN_OBJC_IMPLICIT_RETAIN_SELF = YES;
				CLANG_WARN_OBJC_LITERAL_CONVERSION = YES;
				CLANG_WARN_OBJC_ROOT_CLASS = YES_ERROR;
				CLANG_WARN_QUOTED_INCLUDE_IN_FRAMEWORK_HEADER = YES;
				CLANG_WARN_RANGE_LOOP_ANALYSIS = YES;
				CLANG_WARN_STRICT_PROTOTYPES = YES;
				CLANG_WARN_SUSPICIOUS_MOVE = YES;
				CLANG_WARN_UNGUARDED_AVAILABILITY = YES_AGGRESSIVE;
				CLANG_WARN_UNREACHABLE_CODE = YES;
				CLANG_WARN__DUPLICATE_METHOD_MATCH = YES;
				CODE_SIGN_ENTITLEMENTS = "";
				COPY_PHASE_STRIP = NO;
				DEBUG_INFORMATION_FORMAT = dwarf;
				ENABLE_STRICT_OBJC_MSGSEND = YES;
				ENABLE_TESTABILITY = YES;
				GCC_C_LANGUAGE_STANDARD = gnu11;
				GCC_DYNAMIC_NO_PIC = NO;
				GCC_NO_COMMON_BLOCKS = YES;
				GCC_OPTIMIZATION_LEVEL = 0;
				GCC_PREPROCESSOR_DEFINITIONS = (
					"DEBUG=1",
					"$(inherited)",
				);
				GCC_WARN_64_TO_32_BIT_CONVERSION = YES;
				GCC_WARN_ABOUT_RETURN_TYPE = YES_ERROR;
				GCC_WARN_UNDECLARED_SELECTOR = YES;
				GCC_WARN_UNINITIALIZED_AUTOS = YES_AGGRESSIVE;
				GCC_WARN_UNUSED_FUNCTION = YES;
				GCC_WARN_UNUSED_VARIABLE = YES;
				IPHONEOS_DEPLOYMENT_TARGET = 13.0;
				MTL_ENABLE_DEBUG_INFO = INCLUDE_SOURCE;
				MTL_FAST_MATH = YES;
				ONLY_ACTIVE_ARCH = YES;
				SDKROOT = iphoneos;
				SWIFT_ACTIVE_COMPILATION_CONDITIONS = DEBUG;
				SWIFT_OPTIMIZATION_LEVEL = "-Onone";
			};
			name = Debug;
		};
		1F11591525A0D2DC00682A69 /* Release */ = {
			isa = XCBuildConfiguration;
			buildSettings = {
				ALWAYS_SEARCH_USER_PATHS = NO;
				CLANG_ANALYZER_NONNULL = YES;
				CLANG_ANALYZER_NUMBER_OBJECT_CONVERSION = YES_AGGRESSIVE;
				CLANG_CXX_LANGUAGE_STANDARD = "gnu++14";
				CLANG_CXX_LIBRARY = "libc++";
				CLANG_ENABLE_MODULES = YES;
				CLANG_ENABLE_OBJC_ARC = YES;
				CLANG_ENABLE_OBJC_WEAK = YES;
				CLANG_WARN_BLOCK_CAPTURE_AUTORELEASING = YES;
				CLANG_WARN_BOOL_CONVERSION = YES;
				CLANG_WARN_COMMA = YES;
				CLANG_WARN_CONSTANT_CONVERSION = YES;
				CLANG_WARN_DEPRECATED_OBJC_IMPLEMENTATIONS = YES;
				CLANG_WARN_DIRECT_OBJC_ISA_USAGE = YES_ERROR;
				CLANG_WARN_DOCUMENTATION_COMMENTS = YES;
				CLANG_WARN_EMPTY_BODY = YES;
				CLANG_WARN_ENUM_CONVERSION = YES;
				CLANG_WARN_INFINITE_RECURSION = YES;
				CLANG_WARN_INT_CONVERSION = YES;
				CLANG_WARN_NON_LITERAL_NULL_CONVERSION = YES;
				CLANG_WARN_OBJC_IMPLICIT_RETAIN_SELF = YES;
				CLANG_WARN_OBJC_LITERAL_CONVERSION = YES;
				CLANG_WARN_OBJC_ROOT_CLASS = YES_ERROR;
				CLANG_WARN_QUOTED_INCLUDE_IN_FRAMEWORK_HEADER = YES;
				CLANG_WARN_RANGE_LOOP_ANALYSIS = YES;
				CLANG_WARN_STRICT_PROTOTYPES = YES;
				CLANG_WARN_SUSPICIOUS_MOVE = YES;
				CLANG_WARN_UNGUARDED_AVAILABILITY = YES_AGGRESSIVE;
				CLANG_WARN_UNREACHABLE_CODE = YES;
				CLANG_WARN__DUPLICATE_METHOD_MATCH = YES;
				CODE_SIGN_ENTITLEMENTS = "";
				COPY_PHASE_STRIP = NO;
				DEBUG_INFORMATION_FORMAT = "dwarf-with-dsym";
				ENABLE_NS_ASSERTIONS = NO;
				ENABLE_STRICT_OBJC_MSGSEND = YES;
				GCC_C_LANGUAGE_STANDARD = gnu11;
				GCC_NO_COMMON_BLOCKS = YES;
				GCC_WARN_64_TO_32_BIT_CONVERSION = YES;
				GCC_WARN_ABOUT_RETURN_TYPE = YES_ERROR;
				GCC_WARN_UNDECLARED_SELECTOR = YES;
				GCC_WARN_UNINITIALIZED_AUTOS = YES_AGGRESSIVE;
				GCC_WARN_UNUSED_FUNCTION = YES;
				GCC_WARN_UNUSED_VARIABLE = YES;
				IPHONEOS_DEPLOYMENT_TARGET = 13.0;
				MTL_ENABLE_DEBUG_INFO = NO;
				MTL_FAST_MATH = YES;
				SDKROOT = iphoneos;
				SWIFT_COMPILATION_MODE = wholemodule;
				SWIFT_OPTIMIZATION_LEVEL = "-O";
				VALIDATE_PRODUCT = YES;
			};
			name = Release;
		};
		1F11591725A0D2DC00682A69 /* Debug */ = {
			isa = XCBuildConfiguration;
			baseConfigurationReference = 27292450B5B9F49514CF1B72 /* Pods-Architechik.debug.xcconfig */;
			buildSettings = {
				ASSETCATALOG_COMPILER_APPICON_NAME = AppIcon;
				CODE_SIGN_ENTITLEMENTS = "Architechik/Supporting files/Architechik.entitlements";
				CODE_SIGN_IDENTITY = "Apple Development";
				CODE_SIGN_STYLE = Automatic;
				DEVELOPMENT_TEAM = MT79ZFSN79;
				INFOPLIST_FILE = "$(SRCROOT)/Architechik/Supporting files/Info.plist";
				IPHONEOS_DEPLOYMENT_TARGET = 13.0;
				LD_RUNPATH_SEARCH_PATHS = (
					"$(inherited)",
					"@executable_path/Frameworks",
				);
				MARKETING_VERSION = 1.51;
				PRODUCT_BUNDLE_IDENTIFIER = mikel.Shmonov.Architechik;
				PRODUCT_NAME = Architechick;
				PROVISIONING_PROFILE_SPECIFIER = "";
				SWIFT_VERSION = 5.0;
				TARGETED_DEVICE_FAMILY = 1;
			};
			name = Debug;
		};
		1F11591825A0D2DC00682A69 /* Release */ = {
			isa = XCBuildConfiguration;
			baseConfigurationReference = 23D38CBAF79B14BAF1B63776 /* Pods-Architechik.release.xcconfig */;
			buildSettings = {
				ASSETCATALOG_COMPILER_APPICON_NAME = AppIcon;
				CODE_SIGN_ENTITLEMENTS = "Architechik/Supporting files/Architechik.entitlements";
				CODE_SIGN_IDENTITY = "Apple Development";
				CODE_SIGN_STYLE = Automatic;
				DEVELOPMENT_TEAM = MT79ZFSN79;
				INFOPLIST_FILE = "$(SRCROOT)/Architechik/Supporting files/Info.plist";
				IPHONEOS_DEPLOYMENT_TARGET = 13.0;
				LD_RUNPATH_SEARCH_PATHS = (
					"$(inherited)",
					"@executable_path/Frameworks",
				);
				MARKETING_VERSION = 1.51;
				PRODUCT_BUNDLE_IDENTIFIER = mikel.Shmonov.Architechik;
				PRODUCT_NAME = Architechick;
				PROVISIONING_PROFILE_SPECIFIER = "";
				SWIFT_VERSION = 5.0;
				TARGETED_DEVICE_FAMILY = 1;
			};
			name = Release;
		};
/* End XCBuildConfiguration section */

/* Begin XCConfigurationList section */
		1F11590225A0D2DB00682A69 /* Build configuration list for PBXProject "Architechik" */ = {
			isa = XCConfigurationList;
			buildConfigurations = (
				1F11591425A0D2DC00682A69 /* Debug */,
				1F11591525A0D2DC00682A69 /* Release */,
			);
			defaultConfigurationIsVisible = 0;
			defaultConfigurationName = Release;
		};
		1F11591625A0D2DC00682A69 /* Build configuration list for PBXNativeTarget "Architechik" */ = {
			isa = XCConfigurationList;
			buildConfigurations = (
				1F11591725A0D2DC00682A69 /* Debug */,
				1F11591825A0D2DC00682A69 /* Release */,
			);
			defaultConfigurationIsVisible = 0;
			defaultConfigurationName = Release;
		};
/* End XCConfigurationList section */

/* Begin XCVersionGroup section */
		1F18094025CB077800377C93 /* Architechik.xcdatamodeld */ = {
			isa = XCVersionGroup;
			children = (
				1F18094125CB077800377C93 /* DataModel.xcdatamodel */,
			);
			currentVersion = 1F18094125CB077800377C93 /* DataModel.xcdatamodel */;
			path = Architechik.xcdatamodeld;
			sourceTree = "<group>";
			versionGroupType = wrapper.xcdatamodel;
		};
/* End XCVersionGroup section */
	};
	rootObject = 1F1158FF25A0D2DB00682A69 /* Project object */;
}
